
Microsoft Visual Studio Solution File, Format Version 12.00
# Visual Studio Version 16
VisualStudioVersion = 16.0.31402.337
MinimumVisualStudioVersion = 10.0.40219.1
Project("{FAE04EC0-301F-11D3-BF4B-00C04F79EFBC}") = "Meteostation", "Meteostation\Meteostation.csproj", "{FF99A616-9640-4509-9605-270559FBA571}"
EndProject
Project("{FAE04EC0-301F-11D3-BF4B-00C04F79EFBC}") = "LibSkeletons", "LibSkeletons\LibSkeletons.csproj", "{B69B96E0-BAD5-4810-B681-C7441C2C295B}"
EndProject
Project("{FAE04EC0-301F-11D3-BF4B-00C04F79EFBC}") = "SolSkeleton", "SolSkeleton\SolSkeleton.csproj", "{0CF8F266-685C-42D3-956F-D7CE59D3B162}"
EndProject
Global
	GlobalSection(SolutionConfigurationPlatforms) = preSolution
		Debug|Any CPU = Debug|Any CPU
		Release|Any CPU = Release|Any CPU
	EndGlobalSection
	GlobalSection(ProjectConfigurationPlatforms) = postSolution
		{FF99A616-9640-4509-9605-270559FBA571}.Debug|Any CPU.ActiveCfg = Debug|Any CPU
		{FF99A616-9640-4509-9605-270559FBA571}.Debug|Any CPU.Build.0 = Debug|Any CPU
		{FF99A616-9640-4509-9605-270559FBA571}.Release|Any CPU.ActiveCfg = Release|Any CPU
		{FF99A616-9640-4509-9605-270559FBA571}.Release|Any CPU.Build.0 = Release|Any CPU
		{B69B96E0-BAD5-4810-B681-C7441C2C295B}.Debug|Any CPU.ActiveCfg = Debug|Any CPU
		{B69B96E0-BAD5-4810-B681-C7441C2C295B}.Debug|Any CPU.Build.0 = Debug|Any CPU
		{B69B96E0-BAD5-4810-B681-C7441C2C295B}.Release|Any CPU.ActiveCfg = Release|Any CPU
		{B69B96E0-BAD5-4810-B681-C7441C2C295B}.Release|Any CPU.Build.0 = Release|Any CPU
		{0CF8F266-685C-42D3-956F-D7CE59D3B162}.Debug|Any CPU.ActiveCfg = Debug|Any CPU
		{0CF8F266-685C-42D3-956F-D7CE59D3B162}.Debug|Any CPU.Build.0 = Debug|Any CPU
		{0CF8F266-685C-42D3-956F-D7CE59D3B162}.Release|Any CPU.ActiveCfg = Release|Any CPU
		{0CF8F266-685C-42D3-956F-D7CE59D3B162}.Release|Any CPU.Build.0 = Release|Any CPU
	EndGlobalSection
	GlobalSection(SolutionProperties) = preSolution
		HideSolutionNode = FALSE
	EndGlobalSection
	GlobalSection(ExtensibilityGlobals) = postSolution
		SolutionGuid = {1D142504-D6DC-4D15-BB86-AAB531B3D392}
	EndGlobalSection
EndGlobal
